
Microsoft Visual Studio Solution File, Format Version 12.00
# Visual Studio 15
VisualStudioVersion = 15.0.28307.168
MinimumVisualStudioVersion = 10.0.40219.1
Project("{FAE04EC0-301F-11D3-BF4B-00C04F79EFBC}") = "Lightflow.Tests", "Lightflow.Tests\Lightflow.Tests.csproj", "{5A6526BB-9A8B-4BC3-A8C2-20A1D9635DFA}"
EndProject
Project("{9A19103F-16F7-4668-BE54-9A1E7A4F7556}") = "Lightflow", "Lightflow\Lightflow.csproj", "{88FAAA34-BAB8-4A7B-9B9F-A3CA7DFED04B}"
EndProject
Project("{FAE04EC0-301F-11D3-BF4B-00C04F79EFBC}") = "Lightflow.ConsoleTest", "Lightflow.ConsoleTest\Lightflow.ConsoleTest.csproj", "{649297F9-BA6C-49CA-B115-9CB92629FFF9}"
EndProject
Global
	GlobalSection(SolutionConfigurationPlatforms) = preSolution
		Debug|Any CPU = Debug|Any CPU
		Release|Any CPU = Release|Any CPU
	EndGlobalSection
	GlobalSection(ProjectConfigurationPlatforms) = postSolution
		{5A6526BB-9A8B-4BC3-A8C2-20A1D9635DFA}.Debug|Any CPU.ActiveCfg = Debug|Any CPU
		{5A6526BB-9A8B-4BC3-A8C2-20A1D9635DFA}.Debug|Any CPU.Build.0 = Debug|Any CPU
		{5A6526BB-9A8B-4BC3-A8C2-20A1D9635DFA}.Release|Any CPU.ActiveCfg = Release|Any CPU
		{5A6526BB-9A8B-4BC3-A8C2-20A1D9635DFA}.Release|Any CPU.Build.0 = Release|Any CPU
		{88FAAA34-BAB8-4A7B-9B9F-A3CA7DFED04B}.Debug|Any CPU.ActiveCfg = Debug|Any CPU
		{88FAAA34-BAB8-4A7B-9B9F-A3CA7DFED04B}.Debug|Any CPU.Build.0 = Debug|Any CPU
		{88FAAA34-BAB8-4A7B-9B9F-A3CA7DFED04B}.Release|Any CPU.ActiveCfg = Release|Any CPU
		{88FAAA34-BAB8-4A7B-9B9F-A3CA7DFED04B}.Release|Any CPU.Build.0 = Release|Any CPU
		{649297F9-BA6C-49CA-B115-9CB92629FFF9}.Debug|Any CPU.ActiveCfg = Debug|Any CPU
		{649297F9-BA6C-49CA-B115-9CB92629FFF9}.Debug|Any CPU.Build.0 = Debug|Any CPU
		{649297F9-BA6C-49CA-B115-9CB92629FFF9}.Release|Any CPU.ActiveCfg = Release|Any CPU
		{649297F9-BA6C-49CA-B115-9CB92629FFF9}.Release|Any CPU.Build.0 = Release|Any CPU
	EndGlobalSection
	GlobalSection(SolutionProperties) = preSolution
		HideSolutionNode = FALSE
	EndGlobalSection
	GlobalSection(ExtensibilityGlobals) = postSolution
		SolutionGuid = {D5D1028D-3EFA-42E2-9BCA-2D2987404630}
	EndGlobalSection
EndGlobal
